
Microsoft Visual Studio Solution File, Format Version 12.00
# Visual Studio Version 16
VisualStudioVersion = 16.0.31624.102
MinimumVisualStudioVersion = 10.0.40219.1
Project("{FAE04EC0-301F-11D3-BF4B-00C04F79EFBC}") = "Exercicio119", "Exercicio119\Exercicio119.csproj", "{C6B2101F-8F0A-451B-AF66-33C2C68DF7A1}"
EndProject
Global
	GlobalSection(SolutionConfigurationPlatforms) = preSolution
		Debug|Any CPU = Debug|Any CPU
		Release|Any CPU = Release|Any CPU
	EndGlobalSection
	GlobalSection(ProjectConfigurationPlatforms) = postSolution
		{C6B2101F-8F0A-451B-AF66-33C2C68DF7A1}.Debug|Any CPU.ActiveCfg = Debug|Any CPU
		{C6B2101F-8F0A-451B-AF66-33C2C68DF7A1}.Debug|Any CPU.Build.0 = Debug|Any CPU
		{C6B2101F-8F0A-451B-AF66-33C2C68DF7A1}.Release|Any CPU.ActiveCfg = Release|Any CPU
		{C6B2101F-8F0A-451B-AF66-33C2C68DF7A1}.Release|Any CPU.Build.0 = Release|Any CPU
	EndGlobalSection
	GlobalSection(SolutionProperties) = preSolution
		HideSolutionNode = FALSE
	EndGlobalSection
	GlobalSection(ExtensibilityGlobals) = postSolution
		SolutionGuid = {3E0054B9-5365-4F64-A6F2-B7161D4DC2CF}
	EndGlobalSection
EndGlobal
